# THIS IS AN AUTOGENERATED FILE. DO NOT EDIT THIS FILE DIRECTLY.
# yarn lockfile v1


"@fortawesome/fontawesome-free@^5.7.1":
  version "5.7.1"
  resolved "https://registry.yarnpkg.com/@fortawesome/fontawesome-free/-/fontawesome-free-5.7.1.tgz#e4bdc6fd2a7b5a41d5b599bcb62cf22c78f7f535"
  integrity sha512-gukWJ7Mwf0WXQbkcwcm5zi8+H8aT5MMnphf5hpydOw898H1ibgm2cyejHgk6Km/FTvrPp5ppUHLrlFwt0QxsQw==

bootstrap-css-only@^4.2.1:
  version "4.2.1"
  resolved "https://registry.yarnpkg.com/bootstrap-css-only/-/bootstrap-css-only-4.2.1.tgz#2e1ffebf8f8fb9e29447b3a98b5fea4dacb03b71"
  integrity sha512-3SkuhCfiAS8nMlJXoQjIUTQqlWVNFQP71VF9IzNc+6YxMtlHz6gfhLQkuADcyWQu9+EE/l2SqJbUJfsB3fB1MA==

d3-array@^1.2.0, d3-array@^1.2.1:
  version "1.2.4"
  resolved "https://registry.yarnpkg.com/d3-array/-/d3-array-1.2.4.tgz#635ce4d5eea759f6f605863dbcfc30edc737f71f"
  integrity sha512-KHW6M86R+FUPYGb3R5XiYjXPq7VzwxZ22buHhAEVG5ztoEcZZMLov530mmccaqA1GghZArjQV46fuc8kUqhhHw==

d3-array@^2.0.3:
  version "2.0.3"
  resolved "https://registry.yarnpkg.com/d3-array/-/d3-array-2.0.3.tgz#9c0531eda701e416f28a030e3d4e6179ba74f19f"
  integrity sha512-C7g4aCOoJa+/K5hPVqZLG8wjYHsTUROTk7Z1Ep9F4P5l+WVrvV0+6nAZ1wKTRLMhFWpGbozxUpyjIPZYAaLi+g==

d3-axis@^1.0.12:
  version "1.0.12"
  resolved "https://registry.yarnpkg.com/d3-axis/-/d3-axis-1.0.12.tgz#cdf20ba210cfbb43795af33756886fb3638daac9"
  integrity sha512-ejINPfPSNdGFKEOAtnBtdkpr24c4d4jsei6Lg98mxf424ivoDP2956/5HDpIAtmHo85lqT4pruy+zEgvRUBqaQ==

d3-brush@^1.0.6:
  version "1.0.6"
  resolved "https://registry.yarnpkg.com/d3-brush/-/d3-brush-1.0.6.tgz#33691f2032d9db6c5d8cb684ff255a9883629e21"
  integrity sha512-lGSiF5SoSqO5/mYGD5FAeGKKS62JdA1EV7HPrU2b5rTX4qEJJtpjaGLJngjnkewQy7UnGstnFd3168wpf5z76w==
  dependencies:
    d3-dispatch "1"
    d3-drag "1"
    d3-interpolate "1"
    d3-selection "1"
    d3-transition "1"

d3-collection@1, d3-collection@^1.0.4:
  version "1.0.7"
  resolved "https://registry.yarnpkg.com/d3-collection/-/d3-collection-1.0.7.tgz#349bd2aa9977db071091c13144d5e4f16b5b310e"
  integrity sha512-ii0/r5f4sjKNTfh84Di+DpztYwqKhEyUlKoPrzUFfeSkWxjW49xU2QzO9qrPrNkpdI0XJkfzvmTu8V2Zylln6A==

d3-color-legend@^1.2.4:
  version "1.2.4"
  resolved "https://registry.yarnpkg.com/d3-color-legend/-/d3-color-legend-1.2.4.tgz#debcb0a4e92ebc6f61f68d8a6bf311da1a38f6c1"
  integrity sha512-2Cwe3LtRbq0A6eFLXF2gXTGpFap46+cbmtEo6EaYOI2ACCg0lsVnfCyaERYoDum9yplcNs93kD8iNXG82ImRcg==
  dependencies:
    d3-selection "^1.1.0"
    kapsule "^1.7.8"
    svg-text-fit "^1.1.4"
    svg-utils "^1.2.5"
    tinycolor2 "^1.4.1"

d3-color@1:
  version "1.2.3"
  resolved "https://registry.yarnpkg.com/d3-color/-/d3-color-1.2.3.tgz#6c67bb2af6df3cc8d79efcc4d3a3e83e28c8048f"
  integrity sha512-x37qq3ChOTLd26hnps36lexMRhNXEtVxZ4B25rL0DVdDsGQIJGB18S7y9XDwlDD6MD/ZBzITCf4JjGMM10TZkw==

d3-dispatch@1:
  version "1.0.5"
  resolved "https://registry.yarnpkg.com/d3-dispatch/-/d3-dispatch-1.0.5.tgz#e25c10a186517cd6c82dd19ea018f07e01e39015"
  integrity sha512-vwKx+lAqB1UuCeklr6Jh1bvC4SZgbSqbkGBLClItFBIYH4vqDJCA7qfoy14lXmJdnBOdxndAMxjCbImJYW7e6g==

d3-drag@1:
  version "1.2.3"
  resolved "https://registry.yarnpkg.com/d3-drag/-/d3-drag-1.2.3.tgz#46e206ad863ec465d88c588098a1df444cd33c64"
  integrity sha512-8S3HWCAg+ilzjJsNtWW1Mutl74Nmzhb9yU6igspilaJzeZVFktmY6oO9xOh5TDk+BM2KrNFjttZNoJJmDnkjkg==
  dependencies:
    d3-dispatch "1"
    d3-selection "1"

d3-ease@1:
  version "1.0.5"
  resolved "https://registry.yarnpkg.com/d3-ease/-/d3-ease-1.0.5.tgz#8ce59276d81241b1b72042d6af2d40e76d936ffb"
  integrity sha512-Ct1O//ly5y5lFM9YTdu+ygq7LleSgSE4oj7vUt9tPLHUi8VCV7QoizGpdWRWAwCO9LdYzIrQDg97+hGVdsSGPQ==

d3-format@1:
  version "1.3.2"
  resolved "https://registry.yarnpkg.com/d3-format/-/d3-format-1.3.2.tgz#6a96b5e31bcb98122a30863f7d92365c00603562"
  integrity sha512-Z18Dprj96ExragQ0DeGi+SYPQ7pPfRMtUXtsg/ChVIKNBCzjO8XYJvRTC1usblx52lqge56V5ect+frYTQc8WQ==

d3-interpolate@1:
  version "1.3.2"
  resolved "https://registry.yarnpkg.com/d3-interpolate/-/d3-interpolate-1.3.2.tgz#417d3ebdeb4bc4efcc8fd4361c55e4040211fd68"
  integrity sha512-NlNKGopqaz9qM1PXh9gBF1KSCVh+jSFErrSlD/4hybwoNX/gt1d8CDbDW+3i+5UOHhjC6s6nMvRxcuoMVNgL2w==
  dependencies:
    d3-color "1"

d3-scale-chromatic@^1.3.3:
  version "1.3.3"
  resolved "https://registry.yarnpkg.com/d3-scale-chromatic/-/d3-scale-chromatic-1.3.3.tgz#dad4366f0edcb288f490128979c3c793583ed3c0"
  integrity sha512-BWTipif1CimXcYfT02LKjAyItX5gKiwxuPRgr4xM58JwlLocWbjPLI7aMEjkcoOQXMkYsmNsvv3d2yl/OKuHHw==
  dependencies:
    d3-color "1"
    d3-interpolate "1"

d3-scale@^1.0.6:
  version "1.0.7"
  resolved "https://registry.yarnpkg.com/d3-scale/-/d3-scale-1.0.7.tgz#fa90324b3ea8a776422bd0472afab0b252a0945d"
  integrity sha512-KvU92czp2/qse5tUfGms6Kjig0AhHOwkzXG0+PqIJB3ke0WUv088AHMZI0OssO9NCkXt4RP8yju9rpH8aGB7Lw==
  dependencies:
    d3-array "^1.2.0"
    d3-collection "1"
    d3-color "1"
    d3-format "1"
    d3-interpolate "1"
    d3-time "1"
    d3-time-format "2"

d3-scale@^2.2.2:
  version "2.2.2"
  resolved "https://registry.yarnpkg.com/d3-scale/-/d3-scale-2.2.2.tgz#4e880e0b2745acaaddd3ede26a9e908a9e17b81f"
  integrity sha512-LbeEvGgIb8UMcAa0EATLNX0lelKWGYDQiPdHj+gLblGVhGLyNbaCn3EvrJf0A3Y/uOOU5aD6MTh5ZFCdEwGiCw==
  dependencies:
    d3-array "^1.2.0"
    d3-collection "1"
    d3-format "1"
    d3-interpolate "1"
    d3-time "1"
    d3-time-format "2"

d3-selection@1, d3-selection@^1.1.0, d3-selection@^1.3.0, d3-selection@^1.4.0:
  version "1.4.0"
  resolved "https://registry.yarnpkg.com/d3-selection/-/d3-selection-1.4.0.tgz#ab9ac1e664cf967ebf1b479cc07e28ce9908c474"
  integrity sha512-EYVwBxQGEjLCKF2pJ4+yrErskDnz5v403qvAid96cNdCMr8rmCYfY5RGzWz24mdIbxmDf6/4EAH+K9xperD5jg==

d3-time-format@2, d3-time-format@^2.1.3:
  version "2.1.3"
  resolved "https://registry.yarnpkg.com/d3-time-format/-/d3-time-format-2.1.3.tgz#ae06f8e0126a9d60d6364eac5b1533ae1bac826b"
  integrity sha512-6k0a2rZryzGm5Ihx+aFMuO1GgelgIz+7HhB4PH4OEndD5q2zGn1mDfRdNrulspOfR6JXkb2sThhDK41CSK85QA==
  dependencies:
    d3-time "1"

d3-time@1:
  version "1.0.11"
  resolved "https://registry.yarnpkg.com/d3-time/-/d3-time-1.0.11.tgz#1d831a3e25cd189eb256c17770a666368762bbce"
  integrity sha512-Z3wpvhPLW4vEScGeIMUckDW7+3hWKOQfAWg/U7PlWBnQmeKQ00gCUsTtWSYulrKNA7ta8hJ+xXc6MHrMuITwEw==

d3-timer@1:
  version "1.0.9"
  resolved "https://registry.yarnpkg.com/d3-timer/-/d3-timer-1.0.9.tgz#f7bb8c0d597d792ff7131e1c24a36dd471a471ba"
  integrity sha512-rT34J5HnQUHhcLvhSB9GjCkN0Ddd5Y8nCwDBG2u6wQEeYxT/Lf51fTFFkldeib/sE/J0clIe0pnCfs6g/lRbyg==

d3-tip@^0.9.1:
  version "0.9.1"
  resolved "https://registry.yarnpkg.com/d3-tip/-/d3-tip-0.9.1.tgz#84e6d331c4e6650d80c5228a07e41820609ab64b"
  integrity sha512-EVBfG9d+HnjIoyVXfhpytWxlF59JaobwizqMX9EBXtsFmJytjwHeYiUs74ldHQjE7S9vzfKTx2LCtvUrIbuFYg==
  dependencies:
    d3-collection "^1.0.4"
    d3-selection "^1.3.0"

d3-transition@1:
  version "1.2.0"
  resolved "https://registry.yarnpkg.com/d3-transition/-/d3-transition-1.2.0.tgz#f538c0e21b2aa1f05f3e965f8567e81284b3b2b8"
  integrity sha512-VJ7cmX/FPIPJYuaL2r1o1EMHLttvoIuZhhuAlRoOxDzogV8iQS6jYulDm3xEU3TqL80IZIhI551/ebmCMrkvhw==
  dependencies:
    d3-color "1"
    d3-dispatch "1"
    d3-ease "1"
    d3-interpolate "1"
    d3-selection "^1.1.0"
    d3-timer "1"

debounce@^1.1.0:
  version "1.2.0"
  resolved "https://registry.yarnpkg.com/debounce/-/debounce-1.2.0.tgz#44a540abc0ea9943018dc0eaa95cce87f65cd131"
  integrity sha512-mYtLl1xfZLi1m4RtQYlZgJUNQjl4ZxVnHzIR8nLLgi4q1YT8o/WM+MK/f8yfcc9s5Ir5zRaPZyZU6xs1Syoocg==

kapsule@^1.7.8, kapsule@^1.9.2:
  version "1.9.2"
  resolved "https://registry.yarnpkg.com/kapsule/-/kapsule-1.9.2.tgz#424df7b6ace3633cfbc8a8210a2ba6d52e49c055"
  integrity sha512-xuKhDyydMiDI7A9saP6H2lmXNHZyYulEXs70JcMO/S+vYud1Aq8t+kUyKC98olQIiekGGcozwDWjgaU36ux9kg==
  dependencies:
    debounce "^1.1.0"

lodash-es@^4.17.11:
  version "4.17.11"
  resolved "https://registry.yarnpkg.com/lodash-es/-/lodash-es-4.17.11.tgz#145ab4a7ac5c5e52a3531fb4f310255a152b4be0"
  integrity sha512-DHb1ub+rMjjrxqlB3H56/6MXtm1lSksDp2rA2cNWjG8mlDUYFhUj3Di2Zn5IwSU87xLv8tNIQ7sSwE/YOX/D/Q==

lodash.merge@^4.6.0:
  version "4.6.1"
  resolved "https://registry.yarnpkg.com/lodash.merge/-/lodash.merge-4.6.1.tgz#adc25d9cb99b9391c59624f379fbba60d7111d54"
  integrity sha512-AOYza4+Hf5z1/0Hztxpm2/xiPZgi/cjMqdnKTUWTBSKchJlxXXuUSxCCl8rJlf4g6yww/j6mA8nC8Hw/EZWxKQ==

popper.js@^1.12.9:
  version "1.14.7"
  resolved "https://registry.yarnpkg.com/popper.js/-/popper.js-1.14.7.tgz#e31ec06cfac6a97a53280c3e55e4e0c860e7738e"
  integrity sha512-4q1hNvoUre/8srWsH7hnoSJ5xVmIL4qgz+s4qf2TnJIMyZFUFMGH+9vE7mXynAlHSZ/NdTmmow86muD0myUkVQ==

svg-text-fit@^1.1.4, svg-text-fit@^1.1.5:
  version "1.1.5"
  resolved "https://registry.yarnpkg.com/svg-text-fit/-/svg-text-fit-1.1.5.tgz#41e85732fd5529acc13b14f5f5ee8c00f4970379"
  integrity sha512-yaBsK1seYl4bmYnPjesvajuUcum197xAtG+ceAySrt9cofxUC2ig6gwMkX6nImkYRT9QKxsWhTVIpR4mRKEq2w==
  dependencies:
    kapsule "^1.7.8"

svg-utils@^1.2.5, svg-utils@^1.2.6:
  version "1.2.6"
  resolved "https://registry.yarnpkg.com/svg-utils/-/svg-utils-1.2.6.tgz#983351a7f33a0a480b0f039c37ce36b329760837"
  integrity sha512-jxms+429dM9otvrEnlHQFw4miMqzRy9tViOHU4nXnpp/NB3q99/HTrc4N0ZCJLj8hlRyEFw6cRESRSQvh4WRGQ==
  dependencies:
    d3-array "^1.2.1"
    d3-scale "^1.0.6"
    d3-selection "^1.1.0"
    kapsule "^1.7.8"

timelines-chart@^2.8.1:
  version "2.8.1"
  resolved "https://registry.yarnpkg.com/timelines-chart/-/timelines-chart-2.8.1.tgz#b422c7eb3e5b8fe70ce0b03b4d4c66da4ab8fa0f"
  integrity sha512-ZYC5/JU1NVP7WVSeKscfDo9CGjWnk1/XaHPmbqIKE/zzhIYSWS6tc8Y9t9yjTpHajT23upvsSBKv9d3b1JVQbA==
  dependencies:
    d3-array "^2.0.3"
    d3-axis "^1.0.12"
    d3-brush "^1.0.6"
    d3-color-legend "^1.2.4"
    d3-scale "^2.2.2"
    d3-scale-chromatic "^1.3.3"
    d3-selection "^1.4.0"
    d3-time-format "^2.1.3"
    d3-tip "^0.9.1"
    kapsule "^1.9.2"
    svg-text-fit "^1.1.5"
    svg-utils "^1.2.6"

tinycolor2@^1.4.1:
  version "1.4.1"
  resolved "https://registry.yarnpkg.com/tinycolor2/-/tinycolor2-1.4.1.tgz#f4fad333447bc0b07d4dc8e9209d8f39a8ac77e8"
  integrity sha1-9PrTM0R7wLB9TcjpIJ2POaisd+g=

v-tooltip@^2.0.0-rc.33:
  version "2.0.0-rc.33"
  resolved "https://registry.yarnpkg.com/v-tooltip/-/v-tooltip-2.0.0-rc.33.tgz#78f7d8e9c34265622be65ba9dc78c67f1dc02b73"
  integrity sha1-ePfY6cNCZWIr5lup3HjGfx3AK3M=
  dependencies:
    lodash.merge "^4.6.0"
    popper.js "^1.12.9"
    vue-resize "^0.4.3"

vue-resize@^0.4.3:
  version "0.4.5"
  resolved "https://registry.yarnpkg.com/vue-resize/-/vue-resize-0.4.5.tgz#4777a23042e3c05620d9cbda01c0b3cc5e32dcea"
  integrity sha512-bhP7MlgJQ8TIkZJXAfDf78uJO+mEI3CaLABLjv0WNzr4CcGRGPIAItyWYnP6LsPA4Oq0WE+suidNs6dgpO4RHg==
